PODS:
  - AFNetworking (3.1.0):
    - AFNetworking/NSURLSession (= 3.1.0)
    - AFNetworking/Reachability (= 3.1.0)
    - AFNetworking/Security (= 3.1.0)
    - AFNetworking/Serialization (= 3.1.0)
    - AFNetworking/UIKit (= 3.1.0)
  - AFNetworking/NSURLSession (3.1.0):
    - AFNetworking/Reachability
    - AFNetworking/Security
    - AFNetworking/Serialization
  - AFNetworking/Reachability (3.1.0)
  - AFNetworking/Security (3.1.0)
  - AFNetworking/Serialization (3.1.0)
  - AFNetworking/UIKit (3.1.0):
    - AFNetworking/NSURLSession
  - ISO8601DateFormatterValueTransformer (0.6.1):
    - RKValueTransformers (~> 1.1.0)
  - RestKit (0.27.2):
    - RestKit/Core (= 0.27.2)
  - RestKit/Core (0.27.2):
    - RestKit/CoreData
    - RestKit/Network
    - RestKit/ObjectMapping
  - RestKit/CoreData (0.27.2):
    - RestKit/ObjectMapping
  - RestKit/Network (0.27.2):
    - RestKit/ObjectMapping
    - RestKit/Support
    - SOCKit
  - RestKit/ObjectMapping (0.27.2):
    - ISO8601DateFormatterValueTransformer (~> 0.6.1)
    - RestKit/Support
    - RKValueTransformers (~> 1.1.0)
  - RestKit/Search (0.27.2):
    - RestKit/CoreData
  - RestKit/Support (0.27.2):
    - TransitionKit (~> 2.2)
  - RestKit/Testing (0.27.2):
    - RestKit/Network
  - RKValueTransformers (1.1.3)
  - SAMKeychain (1.5.2)
  - SOCKit (1.1)
  - TransitionKit (2.2.1)

DEPENDENCIES:
  - AFNetworking (~> 3.0)
  - RestKit (~> 0.27.0)
  - RestKit/Search (~> 0.27.0)
  - RestKit/Testing (~> 0.27.0)
  - SAMKeychain

SPEC CHECKSUMS:
  AFNetworking: 5e0e199f73d8626b11e79750991f5d173d1f8b67
  ISO8601DateFormatterValueTransformer: 52da467d6ec899d6aedda8e48280ac92e8ee97e6
  RestKit: 556c913b0640c5bc5a9cb972361504e3ed628a1d
  RKValueTransformers: e5ed67e3811229b616fe01bddeeafe3bb337b1b9
  SAMKeychain: 1865333198217411f35327e8da61b43de79b635b
  SOCKit: c7376ac262bea9115b8f749358f762522a47d392
  TransitionKit: 9ceccda4cd0cdc0a05ef85eb235e5a3292c3c250

PODFILE CHECKSUM: ea3c28c8340498e34b111f587c945daae52a6798

COCOAPODS: 1.2.1
